
Microsoft Visual Studio Solution File, Format Version 12.00
# Visual Studio Version 17
VisualStudioVersion = 17.1.32407.343
MinimumVisualStudioVersion = 10.0.40219.1
Project("{FAE04EC0-301F-11D3-BF4B-00C04F79EFBC}") = "Test_Console", "Test_Console\Test_Console.csproj", "{C77AA58B-BF03-47BA-BD6B-0E0DFE2CB301}"
EndProject
Global
	GlobalSection(SolutionConfigurationPlatforms) = preSolution
		Debug|Any CPU = Debug|Any CPU
		Release|Any CPU = Release|Any CPU
	EndGlobalSection
	GlobalSection(ProjectConfigurationPlatforms) = postSolution
		{C77AA58B-BF03-47BA-BD6B-0E0DFE2CB301}.Debug|Any CPU.ActiveCfg = Debug|Any CPU
		{C77AA58B-BF03-47BA-BD6B-0E0DFE2CB301}.Debug|Any CPU.Build.0 = Debug|Any CPU
		{C77AA58B-BF03-47BA-BD6B-0E0DFE2CB301}.Release|Any CPU.ActiveCfg = Release|Any CPU
		{C77AA58B-BF03-47BA-BD6B-0E0DFE2CB301}.Release|Any CPU.Build.0 = Release|Any CPU
	EndGlobalSection
	GlobalSection(SolutionProperties) = preSolution
		HideSolutionNode = FALSE
	EndGlobalSection
	GlobalSection(ExtensibilityGlobals) = postSolution
		SolutionGuid = {C543AF7F-BE08-4318-ACE1-D1C6D7A18DA4}
	EndGlobalSection
EndGlobal
